
Microsoft Visual Studio Solution File, Format Version 12.00
# Visual Studio Version 17
VisualStudioVersion = 17.8.34408.163
MinimumVisualStudioVersion = 10.0.40219.1
Project("{FAE04EC0-301F-11D3-BF4B-00C04F79EFBC}") = "MoviesGroup.Data", "MoviesGroup.Data\MoviesGroup.Data.csproj", "{9972B951-48E2-41BF-A643-4D87733F954C}"
EndProject
Project("{FAE04EC0-301F-11D3-BF4B-00C04F79EFBC}") = "MoviesGroup.Data.Shared", "MoviesGroup.Data.Shared\MoviesGroup.Data.Shared.csproj", "{F2762DEA-F4C8-42B8-A2B6-B2881C357F78}"
EndProject
Project("{FAE04EC0-301F-11D3-BF4B-00C04F79EFBC}") = "MoviesGroup.API.Genre", "MoviesGroup.API.Genre\MoviesGroup.API.Genre.csproj", "{6289AB4B-E5B6-4018-BB19-9F3E295A5CFA}"
EndProject
Global
	GlobalSection(SolutionConfigurationPlatforms) = preSolution
		Debug|Any CPU = Debug|Any CPU
		Release|Any CPU = Release|Any CPU
	EndGlobalSection
	GlobalSection(ProjectConfigurationPlatforms) = postSolution
		{9972B951-48E2-41BF-A643-4D87733F954C}.Debug|Any CPU.ActiveCfg = Debug|Any CPU
		{9972B951-48E2-41BF-A643-4D87733F954C}.Debug|Any CPU.Build.0 = Debug|Any CPU
		{9972B951-48E2-41BF-A643-4D87733F954C}.Release|Any CPU.ActiveCfg = Release|Any CPU
		{9972B951-48E2-41BF-A643-4D87733F954C}.Release|Any CPU.Build.0 = Release|Any CPU
		{F2762DEA-F4C8-42B8-A2B6-B2881C357F78}.Debug|Any CPU.ActiveCfg = Debug|Any CPU
		{F2762DEA-F4C8-42B8-A2B6-B2881C357F78}.Debug|Any CPU.Build.0 = Debug|Any CPU
		{F2762DEA-F4C8-42B8-A2B6-B2881C357F78}.Release|Any CPU.ActiveCfg = Release|Any CPU
		{F2762DEA-F4C8-42B8-A2B6-B2881C357F78}.Release|Any CPU.Build.0 = Release|Any CPU
		{6289AB4B-E5B6-4018-BB19-9F3E295A5CFA}.Debug|Any CPU.ActiveCfg = Debug|Any CPU
		{6289AB4B-E5B6-4018-BB19-9F3E295A5CFA}.Debug|Any CPU.Build.0 = Debug|Any CPU
		{6289AB4B-E5B6-4018-BB19-9F3E295A5CFA}.Release|Any CPU.ActiveCfg = Release|Any CPU
		{6289AB4B-E5B6-4018-BB19-9F3E295A5CFA}.Release|Any CPU.Build.0 = Release|Any CPU
	EndGlobalSection
	GlobalSection(SolutionProperties) = preSolution
		HideSolutionNode = FALSE
	EndGlobalSection
	GlobalSection(ExtensibilityGlobals) = postSolution
		SolutionGuid = {13DFAE40-95BA-4414-B45D-8250C6869DEF}
	EndGlobalSection
EndGlobal
